// !$*UTF8*$!
{
	archiveVersion = 1;
	classes = {
	};
	objectVersion = 50;
	objects = {

/* Begin PBXBuildFile section */
		030C3FD1279B41C80021B9BF /* InsertVC.swift in Sources */ = {isa = PBXBuildFile; fileRef = 030C3FD0279B41C80021B9BF /* InsertVC.swift */; };
		030C3FD4279B549A0021B9BF /* StatusViewController.swift in Sources */ = {isa = PBXBuildFile; fileRef = 030C3FD2279B549A0021B9BF /* StatusViewController.swift */; };
		030C3FD5279B549A0021B9BF /* StatusViewController.xib in Resources */ = {isa = PBXBuildFile; fileRef = 030C3FD3279B549A0021B9BF /* StatusViewController.xib */; };
		030C3FD8279B54E40021B9BF /* CallsViewController.swift in Sources */ = {isa = PBXBuildFile; fileRef = 030C3FD6279B54E40021B9BF /* CallsViewController.swift */; };
		030C3FD9279B54E40021B9BF /* CallsViewController.xib in Resources */ = {isa = PBXBuildFile; fileRef = 030C3FD7279B54E40021B9BF /* CallsViewController.xib */; };
		030C3FDC279B54F90021B9BF /* CameraViewController.swift in Sources */ = {isa = PBXBuildFile; fileRef = 030C3FDA279B54F90021B9BF /* CameraViewController.swift */; };
		030C3FDD279B54F90021B9BF /* CameraViewController.xib in Resources */ = {isa = PBXBuildFile; fileRef = 030C3FDB279B54F90021B9BF /* CameraViewController.xib */; };
		030E0C12279F3098004B767F /* UsersData.swift in Sources */ = {isa = PBXBuildFile; fileRef = 030E0C11279F3098004B767F /* UsersData.swift */; };
		030E0C1A279F480A004B767F /* CallCell.swift in Sources */ = {isa = PBXBuildFile; fileRef = 030E0C18279F480A004B767F /* CallCell.swift */; };
		030E0C1B279F480A004B767F /* CallCell.xib in Resources */ = {isa = PBXBuildFile; fileRef = 030E0C19279F480A004B767F /* CallCell.xib */; };
		030E0C1E279F6094004B767F /* ChatsViewController.swift in Sources */ = {isa = PBXBuildFile; fileRef = 030E0C1C279F6094004B767F /* ChatsViewController.swift */; };
		030E0C1F279F6094004B767F /* ChatsViewController.xib in Resources */ = {isa = PBXBuildFile; fileRef = 030E0C1D279F6094004B767F /* ChatsViewController.xib */; };
		030E0C24279F6216004B767F /* ChatCell.swift in Sources */ = {isa = PBXBuildFile; fileRef = 030E0C22279F6216004B767F /* ChatCell.swift */; };
		030E0C25279F6216004B767F /* ChatCell.xib in Resources */ = {isa = PBXBuildFile; fileRef = 030E0C23279F6216004B767F /* ChatCell.xib */; };
		0310B7A42798E669006ADC34 /* ScrollTo.swift in Sources */ = {isa = PBXBuildFile; fileRef = 0310B7A32798E669006ADC34 /* ScrollTo.swift */; };
		03377E13278E17D2006DD7D4 /* AppDelegate.swift in Sources */ = {isa = PBXBuildFile; fileRef = 03377E12278E17D2006DD7D4 /* AppDelegate.swift */; };
		03377E15278E17D2006DD7D4 /* SceneDelegate.swift in Sources */ = {isa = PBXBuildFile; fileRef = 03377E14278E17D2006DD7D4 /* SceneDelegate.swift */; };
		03377E1C278E17D5006DD7D4 /* Assets.xcassets in Resources */ = {isa = PBXBuildFile; fileRef = 03377E1B278E17D5006DD7D4 /* Assets.xcassets */; };
		03377E1F278E17D5006DD7D4 /* LaunchScreen.storyboard in Resources */ = {isa = PBXBuildFile; fileRef = 03377E1D278E17D5006DD7D4 /* LaunchScreen.storyboard */; };
		03377E2A278E1A7C006DD7D4 /* HomeViewController.swift in Sources */ = {isa = PBXBuildFile; fileRef = 03377E28278E1A7C006DD7D4 /* HomeViewController.swift */; };
		03377E2B278E1A7C006DD7D4 /* HomeViewController.xib in Resources */ = {isa = PBXBuildFile; fileRef = 03377E29278E1A7C006DD7D4 /* HomeViewController.xib */; };
/* End PBXBuildFile section */

/* Begin PBXFileReference section */
		030C3FD0279B41C80021B9BF /* InsertVC.swift */ = {isa = PBXFileReference; lastKnownFileType = sourcecode.swift; name = InsertVC.swift; path = ../../../InsertVC.swift; sourceTree = "<group>"; };
		030C3FD2279B549A0021B9BF /* StatusViewController.swift */ = {isa = PBXFileReference; lastKnownFileType = sourcecode.swift; path = StatusViewController.swift; sourceTree = "<group>"; };
		030C3FD3279B549A0021B9BF /* StatusViewController.xib */ = {isa = PBXFileReference; lastKnownFileType = file.xib; path = StatusViewController.xib; sourceTree = "<group>"; };
		030C3FD6279B54E40021B9BF /* CallsViewController.swift */ = {isa = PBXFileReference; lastKnownFileType = sourcecode.swift; path = CallsViewController.swift; sourceTree = "<group>"; };
		030C3FD7279B54E40021B9BF /* CallsViewController.xib */ = {isa = PBXFileReference; lastKnownFileType = file.xib; path = CallsViewController.xib; sourceTree = "<group>"; };
		030C3FDA279B54F90021B9BF /* CameraViewController.swift */ = {isa = PBXFileReference; lastKnownFileType = sourcecode.swift; path = CameraViewController.swift; sourceTree = "<group>"; };
		030C3FDB279B54F90021B9BF /* CameraViewController.xib */ = {isa = PBXFileReference; lastKnownFileType = file.xib; path = CameraViewController.xib; sourceTree = "<group>"; };
		030E0C11279F3098004B767F /* UsersData.swift */ = {isa = PBXFileReference; lastKnownFileType = sourcecode.swift; path = UsersData.swift; sourceTree = "<group>"; };
		030E0C18279F480A004B767F /* CallCell.swift */ = {isa = PBXFileReference; lastKnownFileType = sourcecode.swift; path = CallCell.swift; sourceTree = "<group>"; };
		030E0C19279F480A004B767F /* CallCell.xib */ = {isa = PBXFileReference; lastKnownFileType = file.xib; path = CallCell.xib; sourceTree = "<group>"; };
		030E0C1C279F6094004B767F /* ChatsViewController.swift */ = {isa = PBXFileReference; lastKnownFileType = sourcecode.swift; path = ChatsViewController.swift; sourceTree = "<group>"; };
		030E0C1D279F6094004B767F /* ChatsViewController.xib */ = {isa = PBXFileReference; lastKnownFileType = file.xib; path = ChatsViewController.xib; sourceTree = "<group>"; };
		030E0C22279F6216004B767F /* ChatCell.swift */ = {isa = PBXFileReference; lastKnownFileType = sourcecode.swift; path = ChatCell.swift; sourceTree = "<group>"; };
		030E0C23279F6216004B767F /* ChatCell.xib */ = {isa = PBXFileReference; lastKnownFileType = file.xib; path = ChatCell.xib; sourceTree = "<group>"; };
		0310B7A32798E669006ADC34 /* ScrollTo.swift */ = {isa = PBXFileReference; lastKnownFileType = sourcecode.swift; path = ScrollTo.swift; sourceTree = "<group>"; };
		03377E0F278E17D2006DD7D4 /* WhatsApp.app */ = {isa = PBXFileReference; explicitFileType = wrapper.application; includeInIndex = 0; path = WhatsApp.app; sourceTree = BUILT_PRODUCTS_DIR; };
		03377E12278E17D2006DD7D4 /* AppDelegate.swift */ = {isa = PBXFileReference; lastKnownFileType = sourcecode.swift; path = AppDelegate.swift; sourceTree = "<group>"; };
		03377E14278E17D2006DD7D4 /* SceneDelegate.swift */ = {isa = PBXFileReference; lastKnownFileType = sourcecode.swift; path = SceneDelegate.swift; sourceTree = "<group>"; };
		03377E1B278E17D5006DD7D4 /* Assets.xcassets */ = {isa = PBXFileReference; lastKnownFileType = folder.assetcatalog; path = Assets.xcassets; sourceTree = "<group>"; };
		03377E1E278E17D5006DD7D4 /* Base */ = {isa = PBXFileReference; lastKnownFileType = file.storyboard; name = Base; path = Base.lproj/LaunchScreen.storyboard; sourceTree = "<group>"; };
		03377E20278E17D5006DD7D4 /* Info.plist */ = {isa = PBXFileReference; lastKnownFileType = text.plist.xml; path = Info.plist; sourceTree = "<group>"; };
		03377E28278E1A7C006DD7D4 /* HomeViewController.swift */ = {isa = PBXFileReference; lastKnownFileType = sourcecode.swift; path = HomeViewController.swift; sourceTree = "<group>"; };
		03377E29278E1A7C006DD7D4 /* HomeViewController.xib */ = {isa = PBXFileReference; lastKnownFileType = file.xib; path = HomeViewController.xib; sourceTree = "<group>"; };
/* End PBXFileReference section */

/* Begin PBXFrameworksBuildPhase section */
		03377E0C278E17D2006DD7D4 /* Frameworks */ = {
			isa = PBXFrameworksBuildPhase;
			buildActionMask = 2147483647;
			files = (
			);
			runOnlyForDeploymentPostprocessing = 0;
		};
/* End PBXFrameworksBuildPhase section */

/* Begin PBXGroup section */
		030C3FC6279B409E0021B9BF /* Chats */ = {
			isa = PBXGroup;
			children = (
				030E0C1C279F6094004B767F /* ChatsViewController.swift */,
				030E0C1D279F6094004B767F /* ChatsViewController.xib */,
			);
			path = Chats;
			sourceTree = "<group>";
		};
		030C3FC7279B40B30021B9BF /* Camera */ = {
			isa = PBXGroup;
			children = (
				030C3FDA279B54F90021B9BF /* CameraViewController.swift */,
				030C3FDB279B54F90021B9BF /* CameraViewController.xib */,
			);
			path = Camera;
			sourceTree = "<group>";
		};
		030C3FC8279B40BA0021B9BF /* Status */ = {
			isa = PBXGroup;
			children = (
				030C3FD2279B549A0021B9BF /* StatusViewController.swift */,
				030C3FD3279B549A0021B9BF /* StatusViewController.xib */,
			);
			path = Status;
			sourceTree = "<group>";
		};
		030C3FC9279B40C40021B9BF /* Calls */ = {
			isa = PBXGroup;
			children = (
				030C3FD6279B54E40021B9BF /* CallsViewController.swift */,
				030C3FD7279B54E40021B9BF /* CallsViewController.xib */,
			);
			path = Calls;
			sourceTree = "<group>";
		};
		030C3FCB279B40F10021B9BF /* Home */ = {
			isa = PBXGroup;
			children = (
				03377E28278E1A7C006DD7D4 /* HomeViewController.swift */,
				03377E29278E1A7C006DD7D4 /* HomeViewController.xib */,
			);
			path = Home;
			sourceTree = "<group>";
		};
		030E0C10279F3072004B767F /* Resources */ = {
			isa = PBXGroup;
			children = (
				030E0C20279F61CE004B767F /* Cells */,
				030E0C11279F3098004B767F /* UsersData.swift */,
			);
			path = Resources;
			sourceTree = "<group>";
		};
		030E0C17279F47E3004B767F /* Calls */ = {
			isa = PBXGroup;
			children = (
				030E0C18279F480A004B767F /* CallCell.swift */,
				030E0C19279F480A004B767F /* CallCell.xib */,
			);
			path = Calls;
			sourceTree = "<group>";
		};
		030E0C20279F61CE004B767F /* Cells */ = {
			isa = PBXGroup;
			children = (
				030E0C21279F61E1004B767F /* Chats */,
				030E0C17279F47E3004B767F /* Calls */,
			);
			path = Cells;
			sourceTree = "<group>";
		};
		030E0C21279F61E1004B767F /* Chats */ = {
			isa = PBXGroup;
			children = (
				030E0C22279F6216004B767F /* ChatCell.swift */,
				030E0C23279F6216004B767F /* ChatCell.xib */,
			);
			path = Chats;
			sourceTree = "<group>";
		};
		0310B7A22798E650006ADC34 /* Extensions */ = {
			isa = PBXGroup;
			children = (
				0310B7A32798E669006ADC34 /* ScrollTo.swift */,
				030C3FD0279B41C80021B9BF /* InsertVC.swift */,
			);
			path = Extensions;
			sourceTree = "<group>";
		};
		03377E06278E17D2006DD7D4 = {
			isa = PBXGroup;
			children = (
				03377E11278E17D2006DD7D4 /* WhatsApp */,
				03377E10278E17D2006DD7D4 /* Products */,
			);
			sourceTree = "<group>";
		};
		03377E10278E17D2006DD7D4 /* Products */ = {
			isa = PBXGroup;
			children = (
				03377E0F278E17D2006DD7D4 /* WhatsApp.app */,
			);
			name = Products;
			sourceTree = "<group>";
		};
		03377E11278E17D2006DD7D4 /* WhatsApp */ = {
			isa = PBXGroup;
			children = (
				03377E26278E180F006DD7D4 /* Launch */,
				03377E27278E1878006DD7D4 /* Home */,
				0310B7A22798E650006ADC34 /* Extensions */,
				030E0C10279F3072004B767F /* Resources */,
				03377E1B278E17D5006DD7D4 /* Assets.xcassets */,
				03377E20278E17D5006DD7D4 /* Info.plist */,
			);
			path = WhatsApp;
			sourceTree = "<group>";
		};
		03377E26278E180F006DD7D4 /* Launch */ = {
			isa = PBXGroup;
			children = (
				03377E12278E17D2006DD7D4 /* AppDelegate.swift */,
				03377E14278E17D2006DD7D4 /* SceneDelegate.swift */,
				03377E1D278E17D5006DD7D4 /* LaunchScreen.storyboard */,
			);
			path = Launch;
			sourceTree = "<group>";
		};
		03377E27278E1878006DD7D4 /* Home */ = {
			isa = PBXGroup;
			children = (
				030C3FCB279B40F10021B9BF /* Home */,
				030C3FC7279B40B30021B9BF /* Camera */,
				030C3FC6279B409E0021B9BF /* Chats */,
				030C3FC8279B40BA0021B9BF /* Status */,
				030C3FC9279B40C40021B9BF /* Calls */,
			);
			path = Home;
			sourceTree = "<group>";
		};
/* End PBXGroup section */

/* Begin PBXNativeTarget section */
		03377E0E278E17D2006DD7D4 /* WhatsApp */ = {
			isa = PBXNativeTarget;
			buildConfigurationList = 03377E23278E17D5006DD7D4 /* Build configuration list for PBXNativeTarget "WhatsApp" */;
			buildPhases = (
				03377E0B278E17D2006DD7D4 /* Sources */,
				03377E0C278E17D2006DD7D4 /* Frameworks */,
				03377E0D278E17D2006DD7D4 /* Resources */,
			);
			buildRules = (
			);
			dependencies = (
			);
			name = WhatsApp;
			productName = WhatsApp;
			productReference = 03377E0F278E17D2006DD7D4 /* WhatsApp.app */;
			productType = "com.apple.product-type.application";
		};
/* End PBXNativeTarget section */

/* Begin PBXProject section */
		03377E07278E17D2006DD7D4 /* Project object */ = {
			isa = PBXProject;
			attributes = {
				LastSwiftUpdateCheck = 1250;
				LastUpgradeCheck = 1250;
				TargetAttributes = {
					03377E0E278E17D2006DD7D4 = {
						CreatedOnToolsVersion = 12.5.1;
					};
				};
			};
			buildConfigurationList = 03377E0A278E17D2006DD7D4 /* Build configuration list for PBXProject "WhatsApp" */;
			compatibilityVersion = "Xcode 9.3";
			developmentRegion = en;
			hasScannedForEncodings = 0;
			knownRegions = (
				en,
				Base,
			);
			mainGroup = 03377E06278E17D2006DD7D4;
			productRefGroup = 03377E10278E17D2006DD7D4 /* Products */;
			projectDirPath = "";
			projectRoot = "";
			targets = (
				03377E0E278E17D2006DD7D4 /* WhatsApp */,
			);
		};
/* End PBXProject section */

/* Begin PBXResourcesBuildPhase section */
		03377E0D278E17D2006DD7D4 /* Resources */ = {
			isa = PBXResourcesBuildPhase;
			buildActionMask = 2147483647;
			files = (
				030C3FDD279B54F90021B9BF /* CameraViewController.xib in Resources */,
				030C3FD9279B54E40021B9BF /* CallsViewController.xib in Resources */,
				030E0C1F279F6094004B767F /* ChatsViewController.xib in Resources */,
				03377E1F278E17D5006DD7D4 /* LaunchScreen.storyboard in Resources */,
				03377E1C278E17D5006DD7D4 /* Assets.xcassets in Resources */,
				030C3FD5279B549A0021B9BF /* StatusViewController.xib in Resources */,
				030E0C1B279F480A004B767F /* CallCell.xib in Resources */,
				030E0C25279F6216004B767F /* ChatCell.xib in Resources */,
				03377E2B278E1A7C006DD7D4 /* HomeViewController.xib in Resources */,
			);
			runOnlyForDeploymentPostprocessing = 0;
		};
/* End PBXResourcesBuildPhase section */

/* Begin PBXSourcesBuildPhase section */
		03377E0B278E17D2006DD7D4 /* Sources */ = {
			isa = PBXSourcesBuildPhase;
			buildActionMask = 2147483647;
			files = (
				030C3FD4279B549A0021B9BF /* StatusViewController.swift in Sources */,
				030E0C1A279F480A004B767F /* CallCell.swift in Sources */,
				03377E13278E17D2006DD7D4 /* AppDelegate.swift in Sources */,
				030C3FD8279B54E40021B9BF /* CallsViewController.swift in Sources */,
				0310B7A42798E669006ADC34 /* ScrollTo.swift in Sources */,
				030E0C24279F6216004B767F /* ChatCell.swift in Sources */,
				03377E15278E17D2006DD7D4 /* SceneDelegate.swift in Sources */,
				030E0C1E279F6094004B767F /* ChatsViewController.swift in Sources */,
				03377E2A278E1A7C006DD7D4 /* HomeViewController.swift in Sources */,
				030C3FD1279B41C80021B9BF /* InsertVC.swift in Sources */,
				030E0C12279F3098004B767F /* UsersData.swift in Sources */,
				030C3FDC279B54F90021B9BF /* CameraViewController.swift in Sources */,
			);
			runOnlyForDeploymentPostprocessing = 0;
		};
/* End PBXSourcesBuildPhase section */

/* Begin PBXVariantGroup section */
		03377E1D278E17D5006DD7D4 /* LaunchScreen.storyboard */ = {
			isa = PBXVariantGroup;
			children = (
				03377E1E278E17D5006DD7D4 /* Base */,
			);
			name = LaunchScreen.storyboard;
			sourceTree = "<group>";
		};
/* End PBXVariantGroup section */

/* Begin XCBuildConfiguration section */
		03377E21278E17D5006DD7D4 /* Debug */ = {
			isa = XCBuildConfiguration;
			buildSettings = {
				ALWAYS_SEARCH_USER_PATHS = NO;
				CLANG_ANALYZER_NONNULL = YES;
				CLANG_ANALYZER_NUMBER_OBJECT_CONVERSION = YES_AGGRESSIVE;
				CLANG_CXX_LANGUAGE_STANDARD = "gnu++14";
				CLANG_CXX_LIBRARY = "libc++";
				CLANG_ENABLE_MODULES = YES;
				CLANG_ENABLE_OBJC_ARC = YES;
				CLANG_ENABLE_OBJC_WEAK = YES;
				CLANG_WARN_BLOCK_CAPTURE_AUTORELEASING = YES;
				CLANG_WARN_BOOL_CONVERSION = YES;
				CLANG_WARN_COMMA = YES;
				CLANG_WARN_CONSTANT_CONVERSION = YES;
				CLANG_WARN_DEPRECATED_OBJC_IMPLEMENTATIONS = YES;
				CLANG_WARN_DIRECT_OBJC_ISA_USAGE = YES_ERROR;
				CLANG_WARN_DOCUMENTATION_COMMENTS = YES;
				CLANG_WARN_EMPTY_BODY = YES;
				CLANG_WARN_ENUM_CONVERSION = YES;
				CLANG_WARN_INFINITE_RECURSION = YES;
				CLANG_WARN_INT_CONVERSION = YES;
				CLANG_WARN_NON_LITERAL_NULL_CONVERSION = YES;
				CLANG_WARN_OBJC_IMPLICIT_RETAIN_SELF = YES;
				CLANG_WARN_OBJC_LITERAL_CONVERSION = YES;
				CLANG_WARN_OBJC_ROOT_CLASS = YES_ERROR;
				CLANG_WARN_QUOTED_INCLUDE_IN_FRAMEWORK_HEADER = YES;
				CLANG_WARN_RANGE_LOOP_ANALYSIS = YES;
				CLANG_WARN_STRICT_PROTOTYPES = YES;
				CLANG_WARN_SUSPICIOUS_MOVE = YES;
				CLANG_WARN_UNGUARDED_AVAILABILITY = YES_AGGRESSIVE;
				CLANG_WARN_UNREACHABLE_CODE = YES;
				CLANG_WARN__DUPLICATE_METHOD_MATCH = YES;
				COPY_PHASE_STRIP = NO;
				DEBUG_INFORMATION_FORMAT = dwarf;
				ENABLE_STRICT_OBJC_MSGSEND = YES;
				ENABLE_TESTABILITY = YES;
				GCC_C_LANGUAGE_STANDARD = gnu11;
				GCC_DYNAMIC_NO_PIC = NO;
				GCC_NO_COMMON_BLOCKS = YES;
				GCC_OPTIMIZATION_LEVEL = 0;
				GCC_PREPROCESSOR_DEFINITIONS = (
					"DEBUG=1",
					"$(inherited)",
				);
				GCC_WARN_64_TO_32_BIT_CONVERSION = YES;
				GCC_WARN_ABOUT_RETURN_TYPE = YES_ERROR;
				GCC_WARN_UNDECLARED_SELECTOR = YES;
				GCC_WARN_UNINITIALIZED_AUTOS = YES_AGGRESSIVE;
				GCC_WARN_UNUSED_FUNCTION = YES;
				GCC_WARN_UNUSED_VARIABLE = YES;
				IPHONEOS_DEPLOYMENT_TARGET = 14.5;
				MTL_ENABLE_DEBUG_INFO = INCLUDE_SOURCE;
				MTL_FAST_MATH = YES;
				ONLY_ACTIVE_ARCH = YES;
				SDKROOT = iphoneos;
				SWIFT_ACTIVE_COMPILATION_CONDITIONS = DEBUG;
				SWIFT_OPTIMIZATION_LEVEL = "-Onone";
			};
			name = Debug;
		};
		03377E22278E17D5006DD7D4 /* Release */ = {
			isa = XCBuildConfiguration;
			buildSettings = {
				ALWAYS_SEARCH_USER_PATHS = NO;
				CLANG_ANALYZER_NONNULL = YES;
				CLANG_ANALYZER_NUMBER_OBJECT_CONVERSION = YES_AGGRESSIVE;
				CLANG_CXX_LANGUAGE_STANDARD = "gnu++14";
				CLANG_CXX_LIBRARY = "libc++";
				CLANG_ENABLE_MODULES = YES;
				CLANG_ENABLE_OBJC_ARC = YES;
				CLANG_ENABLE_OBJC_WEAK = YES;
				CLANG_WARN_BLOCK_CAPTURE_AUTORELEASING = YES;
				CLANG_WARN_BOOL_CONVERSION = YES;
				CLANG_WARN_COMMA = YES;
				CLANG_WARN_CONSTANT_CONVERSION = YES;
				CLANG_WARN_DEPRECATED_OBJC_IMPLEMENTATIONS = YES;
				CLANG_WARN_DIRECT_OBJC_ISA_USAGE = YES_ERROR;
				CLANG_WARN_DOCUMENTATION_COMMENTS = YES;
				CLANG_WARN_EMPTY_BODY = YES;
				CLANG_WARN_ENUM_CONVERSION = YES;
				CLANG_WARN_INFINITE_RECURSION = YES;
				CLANG_WARN_INT_CONVERSION = YES;
				CLANG_WARN_NON_LITERAL_NULL_CONVERSION = YES;
				CLANG_WARN_OBJC_IMPLICIT_RETAIN_SELF = YES;
				CLANG_WARN_OBJC_LITERAL_CONVERSION = YES;
				CLANG_WARN_OBJC_ROOT_CLASS = YES_ERROR;
				CLANG_WARN_QUOTED_INCLUDE_IN_FRAMEWORK_HEADER = YES;
				CLANG_WARN_RANGE_LOOP_ANALYSIS = YES;
				CLANG_WARN_STRICT_PROTOTYPES = YES;
				CLANG_WARN_SUSPICIOUS_MOVE = YES;
				CLANG_WARN_UNGUARDED_AVAILABILITY = YES_AGGRESSIVE;
				CLANG_WARN_UNREACHABLE_CODE = YES;
				CLANG_WARN__DUPLICATE_METHOD_MATCH = YES;
				COPY_PHASE_STRIP = NO;
				DEBUG_INFORMATION_FORMAT = "dwarf-with-dsym";
				ENABLE_NS_ASSERTIONS = NO;
				ENABLE_STRICT_OBJC_MSGSEND = YES;
				GCC_C_LANGUAGE_STANDARD = gnu11;
				GCC_NO_COMMON_BLOCKS = YES;
				GCC_WARN_64_TO_32_BIT_CONVERSION = YES;
				GCC_WARN_ABOUT_RETURN_TYPE = YES_ERROR;
				GCC_WARN_UNDECLARED_SELECTOR = YES;
				GCC_WARN_UNINITIALIZED_AUTOS = YES_AGGRESSIVE;
				GCC_WARN_UNUSED_FUNCTION = YES;
				GCC_WARN_UNUSED_VARIABLE = YES;
				IPHONEOS_DEPLOYMENT_TARGET = 14.5;
				MTL_ENABLE_DEBUG_INFO = NO;
				MTL_FAST_MATH = YES;
				SDKROOT = iphoneos;
				SWIFT_COMPILATION_MODE = wholemodule;
				SWIFT_OPTIMIZATION_LEVEL = "-O";
				VALIDATE_PRODUCT = YES;
			};
			name = Release;
		};
		03377E24278E17D5006DD7D4 /* Debug */ = {
			isa = XCBuildConfiguration;
			buildSettings = {
				ASSETCATALOG_COMPILER_APPICON_NAME = AppIcon;
				ASSETCATALOG_COMPILER_GLOBAL_ACCENT_COLOR_NAME = AccentColor;
				CODE_SIGN_STYLE = Automatic;
				DEVELOPMENT_TEAM = 5545HFPHJJ;
				INFOPLIST_FILE = WhatsApp/Info.plist;
				LD_RUNPATH_SEARCH_PATHS = (
					"$(inherited)",
					"@executable_path/Frameworks",
				);
				PRODUCT_BUNDLE_IDENTIFIER = NicoFamularo.WhatsApp;
				PRODUCT_NAME = "$(TARGET_NAME)";
				SWIFT_VERSION = 5.0;
				TARGETED_DEVICE_FAMILY = "1,2";
			};
			name = Debug;
		};
		03377E25278E17D5006DD7D4 /* Release */ = {
			isa = XCBuildConfiguration;
			buildSettings = {
				ASSETCATALOG_COMPILER_APPICON_NAME = AppIcon;
				ASSETCATALOG_COMPILER_GLOBAL_ACCENT_COLOR_NAME = AccentColor;
				CODE_SIGN_STYLE = Automatic;
				DEVELOPMENT_TEAM = 5545HFPHJJ;
				INFOPLIST_FILE = WhatsApp/Info.plist;
				LD_RUNPATH_SEARCH_PATHS = (
					"$(inherited)",
					"@executable_path/Frameworks",
				);
				PRODUCT_BUNDLE_IDENTIFIER = NicoFamularo.WhatsApp;
				PRODUCT_NAME = "$(TARGET_NAME)";
				SWIFT_VERSION = 5.0;
				TARGETED_DEVICE_FAMILY = "1,2";
			};
			name = Release;
		};
/* End XCBuildConfiguration section */

/* Begin XCConfigurationList section */
		03377E0A278E17D2006DD7D4 /* Build configuration list for PBXProject "WhatsApp" */ = {
			isa = XCConfigurationList;
			buildConfigurations = (
				03377E21278E17D5006DD7D4 /* Debug */,
				03377E22278E17D5006DD7D4 /* Release */,
			);
			defaultConfigurationIsVisible = 0;
			defaultConfigurationName = Release;
		};
		03377E23278E17D5006DD7D4 /* Build configuration list for PBXNativeTarget "WhatsApp" */ = {
			isa = XCConfigurationList;
			buildConfigurations = (
				03377E24278E17D5006DD7D4 /* Debug */,
				03377E25278E17D5006DD7D4 /* Release */,
			);
			defaultConfigurationIsVisible = 0;
			defaultConfigurationName = Release;
		};
/* End XCConfigurationList section */
	};
	rootObject = 03377E07278E17D2006DD7D4 /* Project object */;
}
